# This file is automatically @generated by Poetry 1.8.4 and should not be changed by hand.

[[package]]
name = "attrs"
version = "23.1.0"
description = "Classes Without Boilerplate"
optional = false
python-versions = ">=3.7"
files = [
    {file = "attrs-23.1.0-py3-none-any.whl", hash = "sha256:1f28b4522cdc2fb4256ac1a020c78acf9cba2c6b461ccd2c126f3aa8e8335d04"},
    {file = "attrs-23.1.0.tar.gz", hash = "sha256:6279836d581513a26f1bf235f9acd333bc9115683f14f7e8fae46c98fc50e015"},
]

[package.extras]
cov = ["attrs[tests]", "coverage[toml] (>=5.3)"]
dev = ["attrs[docs,tests]", "pre-commit"]
docs = ["furo", "myst-parser", "sphinx", "sphinx-notfound-page", "sphinxcontrib-towncrier", "towncrier", "zope-interface"]
tests = ["attrs[tests-no-zope]", "zope-interface"]
tests-no-zope = ["cloudpickle", "hypothesis", "mypy (>=1.1.1)", "pympler", "pytest (>=4.3.0)", "pytest-mypy-plugins", "pytest-xdist[psutil]"]

[[package]]
name = "aws-lambda-powertools"
version = "3.4.1"
description = "Powertools for AWS Lambda (Python) is a developer toolkit to implement Serverless best practices and increase developer velocity."
optional = false
python-versions = "<4.0.0,>=3.8"
files = [
    {file = "aws_lambda_powertools-3.4.1-py3-none-any.whl", hash = "sha256:41f2898d90b0c21e09386cc7d1c0070c360dc877d3b24b2cc118df9534d8f759"},
    {file = "aws_lambda_powertools-3.4.1.tar.gz", hash = "sha256:c5cb323ef1a6669e80409cff9e7b5b0a63581b93a65f750984e71bc4de5f22b6"},
]

[package.dependencies]
jmespath = ">=1.0.1,<2.0.0"
typing-extensions = ">=4.11.0,<5.0.0"

[package.extras]
all = ["aws-encryption-sdk (>=3.1.1,<5.0.0)", "aws-xray-sdk (>=2.8.0,<3.0.0)", "fastjsonschema (>=2.14.5,<3.0.0)", "jsonpath-ng (>=1.6.0,<2.0.0)", "pydantic (>=2.4.0,<3.0.0)", "pydantic-settings (>=2.6.1,<3.0.0)"]
aws-sdk = ["boto3 (>=1.34.32,<2.0.0)"]
datadog = ["datadog-lambda (>=4.77,<7.0)"]
datamasking = ["aws-encryption-sdk (>=3.1.1,<5.0.0)", "jsonpath-ng (>=1.6.0,<2.0.0)"]
parser = ["pydantic (>=2.4.0,<3.0.0)"]
redis = ["redis (>=4.4,<6.0)"]
tracer = ["aws-xray-sdk (>=2.8.0,<3.0.0)"]
validation = ["fastjsonschema (>=2.14.5,<3.0.0)"]

[[package]]
name = "boto3"
version = "1.34.144"
description = "The AWS SDK for Python"
optional = false
python-versions = ">=3.8"
files = [
    {file = "boto3-1.34.144-py3-none-any.whl", hash = "sha256:b8433d481d50b68a0162c0379c0dd4aabfc3d1ad901800beb5b87815997511c1"},
    {file = "boto3-1.34.144.tar.gz", hash = "sha256:2f3e88b10b8fcc5f6100a9d74cd28230edc9d4fa226d99dd40a3ab38ac213673"},
]

[package.dependencies]
botocore = ">=1.34.144,<1.35.0"
jmespath = ">=0.7.1,<2.0.0"
s3transfer = ">=0.10.0,<0.11.0"

[package.extras]
crt = ["botocore[crt] (>=1.21.0,<2.0a0)"]

[[package]]
name = "botocore"
version = "1.34.144"
description = "Low-level, data-driven core of boto 3."
optional = false
python-versions = ">=3.8"
files = [
    {file = "botocore-1.34.144-py3-none-any.whl", hash = "sha256:a2cf26e1bf10d5917a2285e50257bc44e94a1d16574f282f3274f7a5d8d1f08b"},
    {file = "botocore-1.34.144.tar.gz", hash = "sha256:4215db28d25309d59c99507f1f77df9089e5bebbad35f6e19c7c44ec5383a3e8"},
]

[package.dependencies]
jmespath = ">=0.7.1,<2.0.0"
python-dateutil = ">=2.1,<3.0.0"
urllib3 = {version = ">=1.25.4,<2.2.0 || >2.2.0,<3", markers = "python_version >= \"3.10\""}

[package.extras]
crt = ["awscrt (==0.20.11)"]

[[package]]
name = "certifi"
version = "2024.7.4"
description = "Python package for providing Mozilla's CA Bundle."
optional = false
python-versions = ">=3.6"
files = [
    {file = "certifi-2024.7.4-py3-none-any.whl", hash = "sha256:c198e21b1289c2ab85ee4e67bb4b4ef3ead0892059901a8d5b622f24a1101e90"},
    {file = "certifi-2024.7.4.tar.gz", hash = "sha256:5a1e7645bc0ec61a09e26c36f6106dd4cf40c6db3a1fb6352b0244e7fb057c7b"},
]

[[package]]
name = "charset-normalizer"
version = "2.1.1"
description = "The Real First Universal Charset Detector. Open, modern and actively maintained alternative to Chardet."
optional = false
python-versions = ">=3.6.0"
files = [
    {file = "charset-normalizer-2.1.1.tar.gz", hash = "sha256:5a3d016c7c547f69d6f81fb0db9449ce888b418b5b9952cc5e6e66843e9dd845"},
    {file = "charset_normalizer-2.1.1-py3-none-any.whl", hash = "sha256:83e9a75d1911279afd89352c68b45348559d1fc0506b054b346651b5e7fee29f"},
]

[package.extras]
unicode-backport = ["unicodedata2"]

[[package]]
name = "colorama"
version = "0.4.6"
description = "Cross-platform colored terminal text."
optional = false
python-versions = "!=3.0.*,!=3.1.*,!=3.2.*,!=3.3.*,!=3.4.*,!=3.5.*,!=3.6.*,>=2.7"
files = [
    {file = "colorama-0.4.6-py2.py3-none-any.whl", hash = "sha256:4f1d9991f5acc0ca119f9d443620b77f9d6b33703e51011c16baf57afb285fc6"},
    {file = "colorama-0.4.6.tar.gz", hash = "sha256:08695f5cb7ed6e0531a20572697297273c47b8cae5a63ffc6d6ed5c201be6e44"},
]

[[package]]
name = "coverage"
version = "7.2.0"
description = "Code coverage measurement for Python"
optional = false
python-versions = ">=3.7"
files = [
    {file = "coverage-7.2.0-cp310-cp310-macosx_10_9_x86_64.whl", hash = "sha256:90e7a4cbbb7b1916937d380beb1315b12957b8e895d7d9fb032e2038ac367525"},
    {file = "coverage-7.2.0-cp310-cp310-macosx_11_0_arm64.whl", hash = "sha256:34d7211be69b215ad92298a962b2cd5a4ef4b17c7871d85e15d3d1b6dc8d8c96"},
    {file = "coverage-7.2.0-cp310-cp310-manylinux_2_17_aarch64.manylinux2014_aarch64.whl", hash = "sha256:971b49dbf713044c3e5f6451b39f65615d4d1c1d9a19948fa0f41b0245a98765"},
    {file = "coverage-7.2.0-cp310-cp310-manylinux_2_5_i686.manylinux1_i686.manylinux_2_17_i686.manylinux2014_i686.whl", hash = "sha256:f0557289260125a6c453ad5673ba79e5b6841d9a20c9e101f758bfbedf928a77"},
    {file = "coverage-7.2.0-cp310-cp310-manylinux_2_5_x86_64.manylinux1_x86_64.manylinux_2_17_x86_64.manylinux2014_x86_64.whl", hash = "sha256:049806ae2df69468c130f04f0fab4212c46b34ba5590296281423bb1ae379df2"},
    {file = "coverage-7.2.0-cp310-cp310-musllinux_1_1_aarch64.whl", hash = "sha256:875b03d92ac939fbfa8ae74a35b2c468fc4f070f613d5b1692f9980099a3a210"},
    {file = "coverage-7.2.0-cp310-cp310-musllinux_1_1_i686.whl", hash = "sha256:c160e34e388277f10c50dc2c7b5e78abe6d07357d9fe7fcb2f3c156713fd647e"},
    {file = "coverage-7.2.0-cp310-cp310-musllinux_1_1_x86_64.whl", hash = "sha256:32e6a730fd18b2556716039ab93278ccebbefa1af81e6aa0c8dba888cf659e6e"},
    {file = "coverage-7.2.0-cp310-cp310-win32.whl", hash = "sha256:f3ff4205aff999164834792a3949f82435bc7c7655c849226d5836c3242d7451"},
    {file = "coverage-7.2.0-cp310-cp310-win_amd64.whl", hash = "sha256:93db11da6e728587e943dff8ae1b739002311f035831b6ecdb15e308224a4247"},
    {file = "coverage-7.2.0-cp311-cp311-macosx_10_9_x86_64.whl", hash = "sha256:cd38140b56538855d3d5722c6d1b752b35237e7ea3f360047ce57f3fade82d98"},
    {file = "coverage-7.2.0-cp311-cp311-macosx_11_0_arm64.whl", hash = "sha256:9dbb21561b0e04acabe62d2c274f02df0d715e8769485353ddf3cf84727e31ce"},
    {file = "coverage-7.2.0-cp311-cp311-manylinux_2_17_aarch64.manylinux2014_aarch64.whl", hash = "sha256:171dd3aa71a49274a7e4fc26f5bc167bfae5a4421a668bc074e21a0522a0af4b"},
    {file = "coverage-7.2.0-cp311-cp311-manylinux_2_5_i686.manylinux1_i686.manylinux_2_17_i686.manylinux2014_i686.whl", hash = "sha256:4655ecd813f4ba44857af3e9cffd133ab409774e9d2a7d8fdaf4fdfd2941b789"},
    {file = "coverage-7.2.0-cp311-cp311-manylinux_2_5_x86_64.manylinux1_x86_64.manylinux_2_17_x86_64.manylinux2014_x86_64.whl", hash = "sha256:1856a8c4aa77eb7ca0d42c996d0ca395ecafae658c1432b9da4528c429f2575c"},
    {file = "coverage-7.2.0-cp311-cp311-musllinux_1_1_aarch64.whl", hash = "sha256:bd67df6b48db18c10790635060858e2ea4109601e84a1e9bfdd92e898dc7dc79"},
    {file = "coverage-7.2.0-cp311-cp311-musllinux_1_1_i686.whl", hash = "sha256:2d7daf3da9c7e0ed742b3e6b4de6cc464552e787b8a6449d16517b31bbdaddf5"},
    {file = "coverage-7.2.0-cp311-cp311-musllinux_1_1_x86_64.whl", hash = "sha256:bf9e02bc3dee792b9d145af30db8686f328e781bd212fdef499db5e9e4dd8377"},
    {file = "coverage-7.2.0-cp311-cp311-win32.whl", hash = "sha256:3713a8ec18781fda408f0e853bf8c85963e2d3327c99a82a22e5c91baffcb934"},
    {file = "coverage-7.2.0-cp311-cp311-win_amd64.whl", hash = "sha256:88ae5929f0ef668b582fd7cad09b5e7277f50f912183cf969b36e82a1c26e49a"},
    {file = "coverage-7.2.0-cp37-cp37m-macosx_10_9_x86_64.whl", hash = "sha256:5e29a64e9586194ea271048bc80c83cdd4587830110d1e07b109e6ff435e5dbc"},
    {file = "coverage-7.2.0-cp37-cp37m-manylinux_2_17_aarch64.manylinux2014_aarch64.whl", hash = "sha256:8d5302eb84c61e758c9d68b8a2f93a398b272073a046d07da83d77b0edc8d76b"},
    {file = "coverage-7.2.0-cp37-cp37m-manylinux_2_5_i686.manylinux1_i686.manylinux_2_17_i686.manylinux2014_i686.whl", hash = "sha256:2c9fffbc39dc4a6277e1525cab06c161d11ee3995bbc97543dc74fcec33e045b"},
    {file = "coverage-7.2.0-cp37-cp37m-manylinux_2_5_x86_64.manylinux1_x86_64.manylinux_2_17_x86_64.manylinux2014_x86_64.whl", hash = "sha256:a6ceeab5fca62bca072eba6865a12d881f281c74231d2990f8a398226e1a5d96"},
    {file = "coverage-7.2.0-cp37-cp37m-musllinux_1_1_aarch64.whl", hash = "sha256:28563a35ef4a82b5bc5160a01853ce62b9fceee00760e583ffc8acf9e3413753"},
    {file = "coverage-7.2.0-cp37-cp37m-musllinux_1_1_i686.whl", hash = "sha256:bfa065307667f1c6e1f4c3e13f415b0925e34e56441f5fda2c84110a4a1d8bda"},
    {file = "coverage-7.2.0-cp37-cp37m-musllinux_1_1_x86_64.whl", hash = "sha256:7f992b32286c86c38f07a8b5c3fc88384199e82434040a729ec06b067ee0d52c"},
    {file = "coverage-7.2.0-cp37-cp37m-win32.whl", hash = "sha256:2c15bd09fd5009f3a79c8b3682b52973df29761030b692043f9834fc780947c4"},
    {file = "coverage-7.2.0-cp37-cp37m-win_amd64.whl", hash = "sha256:f332d61fbff353e2ef0f3130a166f499c3fad3a196e7f7ae72076d41a6bfb259"},
    {file = "coverage-7.2.0-cp38-cp38-macosx_10_9_x86_64.whl", hash = "sha256:577a8bc40c01ad88bb9ab1b3a1814f2f860ff5c5099827da2a3cafc5522dadea"},
    {file = "coverage-7.2.0-cp38-cp38-macosx_11_0_arm64.whl", hash = "sha256:9240a0335365c29c968131bdf624bb25a8a653a9c0d8c5dbfcabf80b59c1973c"},
    {file = "coverage-7.2.0-cp38-cp38-manylinux_2_17_aarch64.manylinux2014_aarch64.whl", hash = "sha256:358d3bce1468f298b19a3e35183bdb13c06cdda029643537a0cc37e55e74e8f1"},
    {file = "coverage-7.2.0-cp38-cp38-manylinux_2_5_i686.manylinux1_i686.manylinux_2_17_i686.manylinux2014_i686.whl", hash = "sha256:932048364ff9c39030c6ba360c31bf4500036d4e15c02a2afc5a76e7623140d4"},
    {file = "coverage-7.2.0-cp38-cp38-manylinux_2_5_x86_64.manylinux1_x86_64.manylinux_2_17_x86_64.manylinux2014_x86_64.whl", hash = "sha256:7efa21611ffc91156e6f053997285c6fe88cfef3fb7533692d0692d2cb30c846"},
    {file = "coverage-7.2.0-cp38-cp38-musllinux_1_1_aarch64.whl", hash = "sha256:465ea431c3b78a87e32d7d9ea6d081a1003c43a442982375cf2c247a19971961"},
    {file = "coverage-7.2.0-cp38-cp38-musllinux_1_1_i686.whl", hash = "sha256:0f03c229f1453b936916f68a47b3dfb5e84e7ad48e160488168a5e35115320c8"},
    {file = "coverage-7.2.0-cp38-cp38-musllinux_1_1_x86_64.whl", hash = "sha256:40785553d68c61e61100262b73f665024fd2bb3c6f0f8e2cd5b13e10e4df027b"},
    {file = "coverage-7.2.0-cp38-cp38-win32.whl", hash = "sha256:b09dd7bef59448c66e6b490cc3f3c25c14bc85d4e3c193b81a6204be8dd355de"},
    {file = "coverage-7.2.0-cp38-cp38-win_amd64.whl", hash = "sha256:dc4f9a89c82faf6254d646180b2e3aa4daf5ff75bdb2c296b9f6a6cf547e26a7"},
    {file = "coverage-7.2.0-cp39-cp39-macosx_10_9_x86_64.whl", hash = "sha256:c243b25051440386179591a8d5a5caff4484f92c980fb6e061b9559da7cc3f64"},
    {file = "coverage-7.2.0-cp39-cp39-macosx_11_0_arm64.whl", hash = "sha256:4b8fd32f85b256fc096deeb4872aeb8137474da0c0351236f93cbedc359353d6"},
    {file = "coverage-7.2.0-cp39-cp39-manylinux_2_17_aarch64.manylinux2014_aarch64.whl", hash = "sha256:d7f2a7df523791e6a63b40360afa6792a11869651307031160dc10802df9a252"},
    {file = "coverage-7.2.0-cp39-cp39-manylinux_2_5_i686.manylinux1_i686.manylinux_2_17_i686.manylinux2014_i686.whl", hash = "sha256:da32526326e8da0effb452dc32a21ffad282c485a85a02aeff2393156f69c1c3"},
    {file = "coverage-7.2.0-cp39-cp39-manylinux_2_5_x86_64.manylinux1_x86_64.manylinux_2_17_x86_64.manylinux2014_x86_64.whl", hash = "sha256:4c1153a6156715db9d6ae8283480ae67fb67452aa693a56d7dae9ffe8f7a80da"},
    {file = "coverage-7.2.0-cp39-cp39-musllinux_1_1_aarch64.whl", hash = "sha256:74cd60fa00f46f28bd40048d6ca26bd58e9bee61d2b0eb4ec18cea13493c003f"},
    {file = "coverage-7.2.0-cp39-cp39-musllinux_1_1_i686.whl", hash = "sha256:59a427f8a005aa7254074719441acb25ac2c2f60c1f1026d43f846d4254c1c2f"},
    {file = "coverage-7.2.0-cp39-cp39-musllinux_1_1_x86_64.whl", hash = "sha256:c3c4beddee01c8125a75cde3b71be273995e2e9ec08fbc260dd206b46bb99969"},
    {file = "coverage-7.2.0-cp39-cp39-win32.whl", hash = "sha256:08e3dd256b8d3e07bb230896c8c96ec6c5dffbe5a133ba21f8be82b275b900e8"},
    {file = "coverage-7.2.0-cp39-cp39-win_amd64.whl", hash = "sha256:ad12c74c6ce53a027f5a5ecbac9be20758a41c85425c1bbab7078441794b04ee"},
    {file = "coverage-7.2.0-pp37.pp38.pp39-none-any.whl", hash = "sha256:ffa637a2d5883298449a5434b699b22ef98dd8e2ef8a1d9e60fa9cfe79813411"},
    {file = "coverage-7.2.0.tar.gz", hash = "sha256:9cc9c41aa5af16d845b53287051340c363dd03b7ef408e45eec3af52be77810d"},
]

[package.extras]
toml = ["tomli"]

[[package]]
name = "freezegun"
version = "1.2.2"
description = "Let your Python tests travel through time"
optional = false
python-versions = ">=3.6"
files = [
    {file = "freezegun-1.2.2-py3-none-any.whl", hash = "sha256:ea1b963b993cb9ea195adbd893a48d573fda951b0da64f60883d7e988b606c9f"},
    {file = "freezegun-1.2.2.tar.gz", hash = "sha256:cd22d1ba06941384410cd967d8a99d5ae2442f57dfafeff2fda5de8dc5c05446"},
]

[package.dependencies]
python-dateutil = ">=2.7"

[[package]]
name = "idna"
version = "3.7"
description = "Internationalized Domain Names in Applications (IDNA)"
optional = false
python-versions = ">=3.5"
files = [
    {file = "idna-3.7-py3-none-any.whl", hash = "sha256:82fee1fc78add43492d3a1898bfa6d8a904cc97d8427f683ed8e798d07761aa0"},
    {file = "idna-3.7.tar.gz", hash = "sha256:028ff3aadf0609c1fd278d8ea3089299412a7a8b9bd005dd08b9f8285bcb5cfc"},
]

[[package]]
name = "iniconfig"
version = "2.0.0"
description = "brain-dead simple config-ini parsing"
optional = false
python-versions = ">=3.7"
files = [
    {file = "iniconfig-2.0.0-py3-none-any.whl", hash = "sha256:b6a85871a79d2e3b22d2d1b94ac2824226a63c6b741c88f7ae975f18b6778374"},
    {file = "iniconfig-2.0.0.tar.gz", hash = "sha256:2d91e135bf72d31a410b17c16da610a82cb55f6b0477d1a902134b24a455b8b3"},
]

[[package]]
name = "jmespath"
version = "1.0.1"
description = "JSON Matching Expressions"
optional = false
python-versions = ">=3.7"
files = [
    {file = "jmespath-1.0.1-py3-none-any.whl", hash = "sha256:02e2e4cc71b5bcab88332eebf907519190dd9e6e82107fa7f83b1003a6252980"},
    {file = "jmespath-1.0.1.tar.gz", hash = "sha256:90261b206d6defd58fdd5e85f478bf633a2901798906be2ad389150c5c60edbe"},
]

[[package]]
name = "packaging"
version = "23.0"
description = "Core utilities for Python packages"
optional = false
python-versions = ">=3.7"
files = [
    {file = "packaging-23.0-py3-none-any.whl", hash = "sha256:714ac14496c3e68c99c29b00845f7a2b85f3bb6f1078fd9f72fd20f0570002b2"},
    {file = "packaging-23.0.tar.gz", hash = "sha256:b6ad297f8907de0fa2fe1ccbd26fdaf387f5f47c7275fedf8cce89f99446cf97"},
]

[[package]]
name = "pluggy"
version = "1.0.0"
description = "plugin and hook calling mechanisms for python"
optional = false
python-versions = ">=3.6"
files = [
    {file = "pluggy-1.0.0-py2.py3-none-any.whl", hash = "sha256:74134bbf457f031a36d68416e1509f34bd5ccc019f0bcc952c7b909d06b37bd3"},
    {file = "pluggy-1.0.0.tar.gz", hash = "sha256:4224373bacce55f955a878bf9cfa763c1e360858e330072059e10bad68531159"},
]

[package.extras]
dev = ["pre-commit", "tox"]
testing = ["pytest", "pytest-benchmark"]

[[package]]
name = "pyparsing"
version = "3.0.9"
description = "pyparsing module - Classes and methods to define and execute parsing grammars"
optional = false
python-versions = ">=3.6.8"
files = [
    {file = "pyparsing-3.0.9-py3-none-any.whl", hash = "sha256:5026bae9a10eeaefb61dab2f09052b9f4307d44aee4eda64b309723d8d206bbc"},
    {file = "pyparsing-3.0.9.tar.gz", hash = "sha256:2b020ecf7d21b687f219b71ecad3631f644a47f01403fa1d1036b0c6416d70fb"},
]

[package.extras]
diagrams = ["jinja2", "railroad-diagrams"]

[[package]]
name = "pytest"
version = "7.4.4"
description = "pytest: simple powerful testing with Python"
optional = false
python-versions = ">=3.7"
files = [
    {file = "pytest-7.4.4-py3-none-any.whl", hash = "sha256:b090cdf5ed60bf4c45261be03239c2c1c22df034fbffe691abe93cd80cea01d8"},
    {file = "pytest-7.4.4.tar.gz", hash = "sha256:2cf0005922c6ace4a3e2ec8b4080eb0d9753fdc93107415332f50ce9e7994280"},
]

[package.dependencies]
colorama = {version = "*", markers = "sys_platform == \"win32\""}
iniconfig = "*"
packaging = "*"
pluggy = ">=0.12,<2.0"

[package.extras]
testing = ["argcomplete", "attrs (>=19.2.0)", "hypothesis (>=3.56)", "mock", "nose", "pygments (>=2.7.2)", "requests", "setuptools", "xmlschema"]

[[package]]
name = "pytest-cov"
version = "4.1.0"
description = "Pytest plugin for measuring coverage."
optional = false
python-versions = ">=3.7"
files = [
    {file = "pytest-cov-4.1.0.tar.gz", hash = "sha256:3904b13dfbfec47f003b8e77fd5b589cd11904a21ddf1ab38a64f204d6a10ef6"},
    {file = "pytest_cov-4.1.0-py3-none-any.whl", hash = "sha256:6ba70b9e97e69fcc3fb45bfeab2d0a138fb65c4d0d6a41ef33983ad114be8c3a"},
]

[package.dependencies]
coverage = {version = ">=5.2.1", extras = ["toml"]}
pytest = ">=4.6"

[package.extras]
testing = ["fields", "hunter", "process-tests", "pytest-xdist", "six", "virtualenv"]

[[package]]
name = "pytest-mock"
version = "3.10.0"
description = "Thin-wrapper around the mock package for easier use with pytest"
optional = false
python-versions = ">=3.7"
files = [
    {file = "pytest-mock-3.10.0.tar.gz", hash = "sha256:fbbdb085ef7c252a326fd8cdcac0aa3b1333d8811f131bdcc701002e1be7ed4f"},
    {file = "pytest_mock-3.10.0-py3-none-any.whl", hash = "sha256:f4c973eeae0282963eb293eb173ce91b091a79c1334455acfac9ddee8a1c784b"},
]

[package.dependencies]
pytest = ">=5.0"

[package.extras]
dev = ["pre-commit", "pytest-asyncio", "tox"]

[[package]]
name = "python-dateutil"
version = "2.9.0"
description = "Extensions to the standard Python datetime module"
optional = false
python-versions = "!=3.0.*,!=3.1.*,!=3.2.*,>=2.7"
files = [
    {file = "python-dateutil-2.9.0.tar.gz", hash = "sha256:78e73e19c63f5b20ffa567001531680d939dc042bf7850431877645523c66709"},
    {file = "python_dateutil-2.9.0-py2.py3-none-any.whl", hash = "sha256:cbf2f1da5e6083ac2fbfd4da39a25f34312230110440f424a14c7558bb85d82e"},
]

[package.dependencies]
six = ">=1.5"

[[package]]
name = "requests"
version = "2.32.3"
description = "Python HTTP for Humans."
optional = false
python-versions = ">=3.8"
files = [
    {file = "requests-2.32.3-py3-none-any.whl", hash = "sha256:70761cfe03c773ceb22aa2f671b4757976145175cdfca038c02654d061d6dcc6"},
    {file = "requests-2.32.3.tar.gz", hash = "sha256:55365417734eb18255590a9ff9eb97e9e1da868d4ccd6402399eaf68af20a760"},
]

[package.dependencies]
certifi = ">=2017.4.17"
charset-normalizer = ">=2,<4"
idna = ">=2.5,<4"
urllib3 = ">=1.21.1,<3"

[package.extras]
socks = ["PySocks (>=1.5.6,!=1.5.7)"]
use-chardet-on-py3 = ["chardet (>=3.0.2,<6)"]

[[package]]
name = "s3transfer"
version = "0.10.2"
description = "An Amazon S3 Transfer Manager"
optional = false
python-versions = ">=3.8"
files = [
    {file = "s3transfer-0.10.2-py3-none-any.whl", hash = "sha256:eca1c20de70a39daee580aef4986996620f365c4e0fda6a86100231d62f1bf69"},
    {file = "s3transfer-0.10.2.tar.gz", hash = "sha256:0711534e9356d3cc692fdde846b4a1e4b0cb6519971860796e6bc4c7aea00ef6"},
]

[package.dependencies]
botocore = ">=1.33.2,<2.0a.0"

[package.extras]
crt = ["botocore[crt] (>=1.33.2,<2.0a.0)"]

[[package]]
name = "six"
version = "1.16.0"
description = "Python 2 and 3 compatibility utilities"
optional = false
python-versions = ">=2.7, !=3.0.*, !=3.1.*, !=3.2.*"
files = [
    {file = "six-1.16.0-py2.py3-none-any.whl", hash = "sha256:8abb2f1d86890a2dfb989f9a77cfcfd3e47c2a354b01111771326f8aa26e0254"},
    {file = "six-1.16.0.tar.gz", hash = "sha256:1e61c37477a1626458e36f7b1d82aa5c9b094fa4802892072e49de9c60c4c926"},
]

[[package]]
name = "tomli"
version = "2.0.1"
description = "A lil' TOML parser"
optional = false
python-versions = ">=3.7"
files = [
    {file = "tomli-2.0.1-py3-none-any.whl", hash = "sha256:939de3e7a6161af0c887ef91b7d41a53e7c5a1ca976325f429cb46ea9bc30ecc"},
    {file = "tomli-2.0.1.tar.gz", hash = "sha256:de526c12914f0c550d15924c62d72abc48d6fe7364aa87328337a31007fe8a4f"},
]

[[package]]
name = "typing-extensions"
version = "4.12.2"
description = "Backported and Experimental Type Hints for Python 3.8+"
optional = false
python-versions = ">=3.8"
files = [
    {file = "typing_extensions-4.12.2-py3-none-any.whl", hash = "sha256:04e5ca0351e0f3f85c6853954072df659d0d13fac324d0072316b67d7794700d"},
    {file = "typing_extensions-4.12.2.tar.gz", hash = "sha256:1a7ead55c7e559dd4dee8856e3a88b41225abfe1ce8df57b7c13915fe121ffb8"},
]

[[package]]
name = "urllib3"
version = "2.2.2"
description = "HTTP library with thread-safe connection pooling, file post, and more."
optional = false
python-versions = ">=3.8"
files = [
    {file = "urllib3-2.2.2-py3-none-any.whl", hash = "sha256:a448b2f64d686155468037e1ace9f2d2199776e17f0a46610480d311f73e3472"},
    {file = "urllib3-2.2.2.tar.gz", hash = "sha256:dd505485549a7a552833da5e6063639d0d177c04f23bc3864e41e5dc5f612168"},
]

[package.extras]
brotli = ["brotli (>=1.0.9)", "brotlicffi (>=0.8.0)"]
h2 = ["h2 (>=4,<5)"]
socks = ["pysocks (>=1.5.6,!=1.5.7,<2.0)"]
zstd = ["zstandard (>=0.18.0)"]

[metadata]
lock-version = "2.0"
python-versions = "~3.12"
content-hash = "bb70790371bddcc022f67976931773cdc1029c2dde2af4f72f37520850a0a92f"
